{
    "_meta": {
        "hash": {
            "sha256": "0a093607db7ad2e67560fa15ce6e9c020949f70223b18d6a4b66bf32d5d0393c"
        },
        "pipfile-spec": 6,
        "requires": {
            "python_version": "3.10"
        },
        "sources": [
            {
                "name": "pypi",
                "url": "https://pypi.org/simple",
                "verify_ssl": true
            }
        ]
    },
    "default": {
        "atomicwrites": {
            "hashes": [
                "sha256:81b2c9071a49367a7f770170e5eec8cb66567cfbbc8c73d20ce5ca4a8d71cf11"
            ],
            "index": "pypi",
            "version": "==1.4.1"
        },
        "couchbase": {
            "hashes": [
                "sha256:0b6eccdc6488ff5090f92526e0341c8a2b1405d28991a311fd4013d2635716b6",
                "sha256:0d7b8f469eaefc6ee3ddaccc06208bf39de67eb522fc9dc1efdf16477e43fde2",
                "sha256:1b5b3a3a21748735316b4a479ad557e7176f031f6ee6e6622c8c851ca3c529cb",
                "sha256:2077e26d43adb1a43a319fd079615806cb0fed6c4e967e177c61f363f2b96b61",
                "sha256:21dc8116642ac4635909cd66bf5ca17e2e3612c6a65e789be8016a766cf92a4f",
                "sha256:2d20fb2c342baaf2eace887eae054b34556db8eff335141299c0ed6b6eede13d",
                "sha256:39fce94dcc3574b4f8a1bdd64ca03c95c144c4bd83d401ff93fab2ea8c2ef1b9",
                "sha256:3a582f6d9e48fe53bf286139a058da70ee4847b7512f37ae26b3cc0e5a7806d5",
                "sha256:3a9e0581189130345648938abaef4042bc67dc8eb6a332ccd381af5d62247b0b",
                "sha256:3b653caceb80584b75e0a1b930249ca28ec8c9ca2e692f787f995b979171f174",
                "sha256:47ae1e76c372daaf1fa34a21ee3cce76dd7c23bc2a3028cfaa44196c42607610",
                "sha256:5b6597d7f76772e9dc6b69b738a44fe51c6d7a997fcd869bd9734a96290f3849",
                "sha256:6c8d2167c5e69fb9cb8c71addbc637a220a66d947d658ef7892da771ba66bb85",
                "sha256:6e4cd60049551ee68bbcbd5de7c4173409e17266e1a87d2d87a4b7bf0e2c70b5",
                "sha256:6f65c8911b67ac3b40414a159c76c1c3a536c1bf81f9fc9186b3ecd9ce3290c6",
                "sha256:7e14620b41d4e472ecbe6c502b3b59a7f2e5aaa199333e8b102e40157de92054",
                "sha256:847f7c04f73ad88e1596b0fe409479330207a9783aff7eee067863a113c50523",
                "sha256:92ebae2ca7dc64dd9ae247e6c99e19fc9220320ff30f93cac23838de8ab05908",
                "sha256:937585a7e7c209ef7efa90f8adbee951df617d751dc8ff09853cfad7a439b005",
                "sha256:9af65915aa2c40f7326fd93e715fbbf4db3f9286158167a2ba61c83493a44506",
                "sha256:a442ff82fa238200e100323bbaa1df76c2f96ffaf516d2985c1cbd5e829d96b8",
                "sha256:b87a40524f5ec7c3756518fc87b5ad66c772f18938ea6d5d30f20830986a40e0",
                "sha256:bcd954d15c7f95bce611c23a6be9c5d6e3716a8ca9ce1d628d487d9951bf904c",
                "sha256:bf968fa42cf68ac37190aa7377b0b326b383217d8a8c2484ada74d3a854099f7",
                "sha256:cc8c095371c3a568bb1fa7f587e6783eff9acb0c814a9c74f1b79d047559241b",
                "sha256:da5a68f7aafbe204af43f125defdd930f30e580fcb7a73cdcb646d486ef2f875",
                "sha256:e0b843c84867c23daac219fa7de8bdc3ffe39603cc2bc3ddd8a61cce7ec0a0ba",
                "sha256:e3079ceb0f9df4c57dc15bcd54c18228b7cd720bae02ba0bd877375930466bfd",
                "sha256:e3560ea599305757928345efe2fe259b426cc5b5721c6dea924e0b0f3f710665",
                "sha256:e9bfdb5d99db65e2c791e0d813a48396ffc5385e38bceba2a722f11e74e8811a",
                "sha256:f00a0c31599464dbdb84ecc2b62ef0835d497e1f81a83b3d376f95bf7dffddda"
            ],
            "index": "pypi",
            "version": "==4.1.7"
        },
        "lz4": {
            "hashes": [
                "sha256:0ca83a623c449295bafad745dcd399cea4c55b16b13ed8cfea30963b004016c9",
                "sha256:0f5614d8229b33d4a97cb527db2a1ac81308c6e796e7bdb5d1309127289f69d5",
                "sha256:1c4c100d99eed7c08d4e8852dd11e7d1ec47a3340f49e3a96f8dfbba17ffb300",
                "sha256:1f25eb322eeb24068bb7647cae2b0732b71e5c639e4e4026db57618dcd8279f0",
                "sha256:200d05777d61ba1ff8d29cb51c534a162ea0b4fe6d3c28be3571a0a48ff36080",
                "sha256:31d72731c4ac6ebdce57cd9a5cabe0aecba229c4f31ba3e2c64ae52eee3fdb1c",
                "sha256:3a85b430138882f82f354135b98c320dafb96fc8fe4656573d95ab05de9eb092",
                "sha256:4931ab28a0d1c133104613e74eec1b8bb1f52403faabe4f47f93008785c0b929",
                "sha256:4caedeb19e3ede6c7a178968b800f910db6503cb4cb1e9cc9221157572139b49",
                "sha256:65d5c93f8badacfa0456b660285e394e65023ef8071142e0dcbd4762166e1be0",
                "sha256:6b50f096a6a25f3b2edca05aa626ce39979d63c3b160687c8c6d50ac3943d0ba",
                "sha256:7211dc8f636ca625abc3d4fb9ab74e5444b92df4f8d58ec83c8868a2b0ff643d",
                "sha256:7a9eec24ec7d8c99aab54de91b4a5a149559ed5b3097cf30249b665689b3d402",
                "sha256:7c2df117def1589fba1327dceee51c5c2176a2b5a7040b45e84185ce0c08b6a3",
                "sha256:7e2dc1bd88b60fa09b9b37f08553f45dc2b770c52a5996ea52b2b40f25445676",
                "sha256:83903fe6db92db0be101acedc677aa41a490b561567fe1b3fe68695b2110326c",
                "sha256:83acfacab3a1a7ab9694333bcb7950fbeb0be21660d236fd09c8337a50817897",
                "sha256:86480f14a188c37cb1416cdabacfb4e42f7a5eab20a737dac9c4b1c227f3b822",
                "sha256:867664d9ca9bdfce840ac96d46cd8838c9ae891e859eb98ce82fcdf0e103a947",
                "sha256:8df16c9a2377bdc01e01e6de5a6e4bbc66ddf007a6b045688e285d7d9d61d1c9",
                "sha256:8f00a9ba98f6364cadda366ae6469b7b3568c0cced27e16a47ddf6b774169270",
                "sha256:926b26db87ec8822cf1870efc3d04d06062730ec3279bbbd33ba47a6c0a5c673",
                "sha256:a6a46889325fd60b8a6b62ffc61588ec500a1883db32cddee9903edfba0b7584",
                "sha256:a98b61e504fb69f99117b188e60b71e3c94469295571492a6468c1acd63c37ba",
                "sha256:ad38dc6a7eea6f6b8b642aaa0683253288b0460b70cab3216838747163fb774d",
                "sha256:b10b77dc2e6b1daa2f11e241141ab8285c42b4ed13a8642495620416279cc5b2",
                "sha256:d5ea0e788dc7e2311989b78cae7accf75a580827b4d96bbaf06c7e5a03989bd5",
                "sha256:e05afefc4529e97c08e65ef92432e5f5225c0bb21ad89dee1e06a882f91d7f5e",
                "sha256:e1431d84a9cfb23e6773e72078ce8e65cad6745816d4cbf9ae67da5ea419acda",
                "sha256:ec6755cacf83f0c5588d28abb40a1ac1643f2ff2115481089264c7630236618a",
                "sha256:edc2fb3463d5d9338ccf13eb512aab61937be50aa70734bcf873f2f493801d3b",
                "sha256:edd8987d8415b5dad25e797043936d91535017237f72fa456601be1479386c92",
                "sha256:edda4fb109439b7f3f58ed6bede59694bc631c4b69c041112b1b7dc727fffb23",
                "sha256:f571eab7fec554d3b1db0d666bdc2ad85c81f4b8cb08906c4c59a8cad75e6e22",
                "sha256:f7c50542b4ddceb74ab4f8b3435327a0861f06257ca501d59067a6a482535a77"
            ],
            "index": "pypi",
            "version": "==4.3.2"
        },
        "nuitka": {
            "hashes": [
                "sha256:61c84b4eb7105d20836940ab6134460b690da8aab7a74bdc84ddd05de1e04b16"
            ],
            "index": "pypi",
            "version": "==1.7.10"
        },
        "ordered-set": {
            "hashes": [
                "sha256:046e1132c71fcf3330438a539928932caf51ddbc582496833e23de611de14562",
                "sha256:694a8e44c87657c59292ede72891eb91d34131f6531463aab3009191c77364a8"
            ],
            "markers": "python_version >= '3.7'",
            "version": "==4.1.0"
        },
        "scandir": {
            "hashes": [
                "sha256:2586c94e907d99617887daed6c1d102b5ca28f1085f90446554abf1faf73123e",
                "sha256:2ae41f43797ca0c11591c0c35f2f5875fa99f8797cb1a1fd440497ec0ae4b022",
                "sha256:2b8e3888b11abb2217a32af0766bc06b65cc4a928d8727828ee68af5a967fa6f",
                "sha256:2c712840c2e2ee8dfaf36034080108d30060d759c7b73a01a52251cc8989f11f",
                "sha256:4d4631f6062e658e9007ab3149a9b914f3548cb38bfb021c64f39a025ce578ae",
                "sha256:67f15b6f83e6507fdc6fca22fedf6ef8b334b399ca27c6b568cbfaa82a364173",
                "sha256:7d2d7a06a252764061a020407b997dd036f7bd6a175a5ba2b345f0a357f0b3f4",
                "sha256:8c5922863e44ffc00c5c693190648daa6d15e7c1207ed02d6f46a8dcc2869d32",
                "sha256:92c85ac42f41ffdc35b6da57ed991575bdbe69db895507af88b9f499b701c188",
                "sha256:b24086f2375c4a094a6b51e78b4cf7ca16c721dcee2eddd7aa6494b42d6d519d",
                "sha256:cb925555f43060a1745d0a321cca94bcea927c50114b623d73179189a4e100ac"
            ],
            "index": "pypi",
            "version": "==1.10.0"
        },
        "zstandard": {
            "hashes": [
                "sha256:0aad6090ac164a9d237d096c8af241b8dcd015524ac6dbec1330092dba151657",
                "sha256:0bdbe350691dec3078b187b8304e6a9c4d9db3eb2d50ab5b1d748533e746d099",
                "sha256:0e1e94a9d9e35dc04bf90055e914077c80b1e0c15454cc5419e82529d3e70728",
                "sha256:1243b01fb7926a5a0417120c57d4c28b25a0200284af0525fddba812d575f605",
                "sha256:144a4fe4be2e747bf9c646deab212666e39048faa4372abb6a250dab0f347a29",
                "sha256:14e10ed461e4807471075d4b7a2af51f5234c8f1e2a0c1d37d5ca49aaaad49e8",
                "sha256:1545fb9cb93e043351d0cb2ee73fa0ab32e61298968667bb924aac166278c3fc",
                "sha256:1e6e131a4df2eb6f64961cea6f979cdff22d6e0d5516feb0d09492c8fd36f3bc",
                "sha256:25fbfef672ad798afab12e8fd204d122fca3bc8e2dcb0a2ba73bf0a0ac0f5f07",
                "sha256:2769730c13638e08b7a983b32cb67775650024632cd0476bf1ba0e6360f5ac7d",
                "sha256:48b6233b5c4cacb7afb0ee6b4f91820afbb6c0e3ae0fa10abbc20000acdf4f11",
                "sha256:4af612c96599b17e4930fe58bffd6514e6c25509d120f4eae6031b7595912f85",
                "sha256:52b2b5e3e7670bd25835e0e0730a236f2b0df87672d99d3bf4bf87248aa659fb",
                "sha256:57ac078ad7333c9db7a74804684099c4c77f98971c151cee18d17a12649bc25c",
                "sha256:62957069a7c2626ae80023998757e27bd28d933b165c487ab6f83ad3337f773d",
                "sha256:649a67643257e3b2cff1c0a73130609679a5673bf389564bc6d4b164d822a7ce",
                "sha256:67829fdb82e7393ca68e543894cd0581a79243cc4ec74a836c305c70a5943f07",
                "sha256:7d3bc4de588b987f3934ca79140e226785d7b5e47e31756761e48644a45a6766",
                "sha256:7f2afab2c727b6a3d466faee6974a7dad0d9991241c498e7317e5ccf53dbc766",
                "sha256:8070c1cdb4587a8aa038638acda3bd97c43c59e1e31705f2766d5576b329e97c",
                "sha256:8257752b97134477fb4e413529edaa04fc0457361d304c1319573de00ba796b1",
                "sha256:9980489f066a391c5572bc7dc471e903fb134e0b0001ea9b1d3eff85af0a6f1b",
                "sha256:9cff89a036c639a6a9299bf19e16bfb9ac7def9a7634c52c257166db09d950e7",
                "sha256:a8d200617d5c876221304b0e3fe43307adde291b4a897e7b0617a61611dfff6a",
                "sha256:a9fec02ce2b38e8b2e86079ff0b912445495e8ab0b137f9c0505f88ad0d61296",
                "sha256:b1367da0dde8ae5040ef0413fb57b5baeac39d8931c70536d5f013b11d3fc3a5",
                "sha256:b69cccd06a4a0a1d9fb3ec9a97600055cf03030ed7048d4bcb88c574f7895773",
                "sha256:b72060402524ab91e075881f6b6b3f37ab715663313030d0ce983da44960a86f",
                "sha256:c053b7c4cbf71cc26808ed67ae955836232f7638444d709bfc302d3e499364fa",
                "sha256:cff891e37b167bc477f35562cda1248acc115dbafbea4f3af54ec70821090965",
                "sha256:d12fa383e315b62630bd407477d750ec96a0f438447d0e6e496ab67b8b451d39",
                "sha256:d2d61675b2a73edcef5e327e38eb62bdfc89009960f0e3991eae5cc3d54718de",
                "sha256:db62cbe7a965e68ad2217a056107cc43d41764c66c895be05cf9c8b19578ce9c",
                "sha256:ddb086ea3b915e50f6604be93f4f64f168d3fc3cef3585bb9a375d5834392d4f",
                "sha256:df28aa5c241f59a7ab524f8ad8bb75d9a23f7ed9d501b0fed6d40ec3064784e8",
                "sha256:e1e0c62a67ff425927898cf43da2cf6b852289ebcc2054514ea9bf121bec10a5",
                "sha256:e6048a287f8d2d6e8bc67f6b42a766c61923641dd4022b7fd3f7439e17ba5a4d",
                "sha256:e7d560ce14fd209db6adacce8908244503a009c6c39eee0c10f138996cd66d3e",
                "sha256:ea68b1ba4f9678ac3d3e370d96442a6332d431e5050223626bdce748692226ea",
                "sha256:f08e3a10d01a247877e4cb61a82a319ea746c356a3786558bed2481e6c405546",
                "sha256:f1b9703fe2e6b6811886c44052647df7c37478af1b4a1a9078585806f42e5b15",
                "sha256:fe6c821eb6870f81d73bf10e5deed80edcac1e63fbc40610e61f340723fd5f7c",
                "sha256:ff0852da2abe86326b20abae912d0367878dd0854b8931897d44cfeb18985472"
            ],
            "markers": "python_version >= '3.7'",
            "version": "==0.21.0"
        }
    },
    "develop": {}
}
